{
  "requires": true,
  "lockfileVersion": 1,
  "dependencies": {
    "bpg-algeti-compact": {
      "version": "1.0.0",
      "resolved": "https://registry.npmjs.org/bpg-algeti-compact/-/bpg-algeti-compact-1.0.0.tgz",
      "integrity": "sha1-GrO3L5j+aQe0aM8j1fNsL45jYtM="
    },
    "bpg-nino-mtavruli-bold": {
      "version": "1.0.0",
      "resolved": "https://registry.npmjs.org/bpg-nino-mtavruli-bold/-/bpg-nino-mtavruli-bold-1.0.0.tgz",
      "integrity": "sha1-khf328nYBhxypKnueZUY0GCJo1o="
    }
  }
}
